
Microsoft Visual Studio Solution File, Format Version 12.00
# Visual Studio Version 16
VisualStudioVersion = 16.0.30114.105
MinimumVisualStudioVersion = 10.0.40219.1
Project("{00D1A9C2-B5F0-4AF3-8072-F6C62B433612}") = "i21Database", "i21Database\i21Database.sqlproj", "{2E49B212-114B-4CFD-A343-2A2061E987BC}"
EndProject
Project("{00D1A9C2-B5F0-4AF3-8072-F6C62B433612}") = "Integration", "Integration\Integration.sqlproj", "{E9E5693B-743B-4A2D-A9F7-59F616BB4FD8}"
EndProject
Project("{00D1A9C2-B5F0-4AF3-8072-F6C62B433612}") = "i21PreDeployment", "i21PreDeployment\i21PreDeployment.sqlproj", "{028BB3F5-8243-4984-B4A2-B9F59F905A3C}"
EndProject
Project("{00D1A9C2-B5F0-4AF3-8072-F6C62B433612}") = "Test", "Test\Test.sqlproj", "{624AB520-1C65-428F-923F-E77C9FF27B39}"
EndProject
Project("{00D1A9C2-B5F0-4AF3-8072-F6C62B433612}") = "tSQLt", "tSQLt\tSQLt.sqlproj", "{EC6666E5-B9E5-4A93-A016-5D8D65D2EE28}"
EndProject
Project("{00D1A9C2-B5F0-4AF3-8072-F6C62B433612}") = "TestAP", "TestAP\TestAP.sqlproj", "{1B2349E4-8D1A-4A26-91D2-3040DA431DFE}"
EndProject
Global
	GlobalSection(SolutionConfigurationPlatforms) = preSolution
		Debug|Any CPU = Debug|Any CPU
		Release|Any CPU = Release|Any CPU
	EndGlobalSection
	GlobalSection(ProjectConfigurationPlatforms) = postSolution
		{2E49B212-114B-4CFD-A343-2A2061E987BC}.Debug|Any CPU.ActiveCfg = Debug|Any CPU
		{2E49B212-114B-4CFD-A343-2A2061E987BC}.Debug|Any CPU.Build.0 = Debug|Any CPU
		{2E49B212-114B-4CFD-A343-2A2061E987BC}.Debug|Any CPU.Deploy.0 = Debug|Any CPU
		{2E49B212-114B-4CFD-A343-2A2061E987BC}.Release|Any CPU.ActiveCfg = Release|Any CPU
		{2E49B212-114B-4CFD-A343-2A2061E987BC}.Release|Any CPU.Build.0 = Release|Any CPU
		{2E49B212-114B-4CFD-A343-2A2061E987BC}.Release|Any CPU.Deploy.0 = Release|Any CPU
		{E9E5693B-743B-4A2D-A9F7-59F616BB4FD8}.Debug|Any CPU.ActiveCfg = Debug|Any CPU
		{E9E5693B-743B-4A2D-A9F7-59F616BB4FD8}.Debug|Any CPU.Build.0 = Debug|Any CPU
		{E9E5693B-743B-4A2D-A9F7-59F616BB4FD8}.Debug|Any CPU.Deploy.0 = Debug|Any CPU
		{E9E5693B-743B-4A2D-A9F7-59F616BB4FD8}.Release|Any CPU.ActiveCfg = Release|Any CPU
		{E9E5693B-743B-4A2D-A9F7-59F616BB4FD8}.Release|Any CPU.Build.0 = Release|Any CPU
		{E9E5693B-743B-4A2D-A9F7-59F616BB4FD8}.Release|Any CPU.Deploy.0 = Release|Any CPU
		{028BB3F5-8243-4984-B4A2-B9F59F905A3C}.Debug|Any CPU.ActiveCfg = Debug|Any CPU
		{028BB3F5-8243-4984-B4A2-B9F59F905A3C}.Debug|Any CPU.Build.0 = Debug|Any CPU
		{028BB3F5-8243-4984-B4A2-B9F59F905A3C}.Debug|Any CPU.Deploy.0 = Debug|Any CPU
		{028BB3F5-8243-4984-B4A2-B9F59F905A3C}.Release|Any CPU.ActiveCfg = Release|Any CPU
		{028BB3F5-8243-4984-B4A2-B9F59F905A3C}.Release|Any CPU.Build.0 = Release|Any CPU
		{028BB3F5-8243-4984-B4A2-B9F59F905A3C}.Release|Any CPU.Deploy.0 = Release|Any CPU
		{624AB520-1C65-428F-923F-E77C9FF27B39}.Debug|Any CPU.ActiveCfg = Debug|Any CPU
		{624AB520-1C65-428F-923F-E77C9FF27B39}.Debug|Any CPU.Build.0 = Debug|Any CPU
		{624AB520-1C65-428F-923F-E77C9FF27B39}.Debug|Any CPU.Deploy.0 = Debug|Any CPU
		{624AB520-1C65-428F-923F-E77C9FF27B39}.Release|Any CPU.ActiveCfg = Release|Any CPU
		{624AB520-1C65-428F-923F-E77C9FF27B39}.Release|Any CPU.Build.0 = Release|Any CPU
		{624AB520-1C65-428F-923F-E77C9FF27B39}.Release|Any CPU.Deploy.0 = Release|Any CPU
		{EC6666E5-B9E5-4A93-A016-5D8D65D2EE28}.Debug|Any CPU.ActiveCfg = Debug|Any CPU
		{EC6666E5-B9E5-4A93-A016-5D8D65D2EE28}.Debug|Any CPU.Build.0 = Debug|Any CPU
		{EC6666E5-B9E5-4A93-A016-5D8D65D2EE28}.Debug|Any CPU.Deploy.0 = Debug|Any CPU
		{EC6666E5-B9E5-4A93-A016-5D8D65D2EE28}.Release|Any CPU.ActiveCfg = Release|Any CPU
		{EC6666E5-B9E5-4A93-A016-5D8D65D2EE28}.Release|Any CPU.Build.0 = Release|Any CPU
		{EC6666E5-B9E5-4A93-A016-5D8D65D2EE28}.Release|Any CPU.Deploy.0 = Release|Any CPU
		{1B2349E4-8D1A-4A26-91D2-3040DA431DFE}.Debug|Any CPU.ActiveCfg = Debug|Any CPU
		{1B2349E4-8D1A-4A26-91D2-3040DA431DFE}.Debug|Any CPU.Build.0 = Debug|Any CPU
		{1B2349E4-8D1A-4A26-91D2-3040DA431DFE}.Debug|Any CPU.Deploy.0 = Debug|Any CPU
		{1B2349E4-8D1A-4A26-91D2-3040DA431DFE}.Release|Any CPU.ActiveCfg = Release|Any CPU
		{1B2349E4-8D1A-4A26-91D2-3040DA431DFE}.Release|Any CPU.Build.0 = Release|Any CPU
		{1B2349E4-8D1A-4A26-91D2-3040DA431DFE}.Release|Any CPU.Deploy.0 = Release|Any CPU
	EndGlobalSection
	GlobalSection(SolutionProperties) = preSolution
		HideSolutionNode = FALSE
	EndGlobalSection
	GlobalSection(ExtensibilityGlobals) = postSolution
		SolutionGuid = {A8457011-A9F8-44C5-9B58-145297E7FFF7}
	EndGlobalSection
EndGlobal
