
Microsoft Visual Studio Solution File, Format Version 12.00
# Visual Studio 2012
Project("{FAE04EC0-301F-11D3-BF4B-00C04F79EFBC}") = "iRely.Inventory.BusinessLayer", "iRely.Inventory.BusinessLayer\iRely.Inventory.BusinessLayer.csproj", "{896DA55E-1218-4146-ADD0-81C3EAED882D}"
EndProject
Project("{FAE04EC0-301F-11D3-BF4B-00C04F79EFBC}") = "iRely.Inventory.Model", "iRely.Inventory.Model\iRely.Inventory.Model.csproj", "{24827E37-D24E-4C49-858B-9127DD775958}"
EndProject
Project("{FAE04EC0-301F-11D3-BF4B-00C04F79EFBC}") = "iRely.Inventory.WebApi", "iRely.Inventory.WebApi\iRely.Inventory.WebApi.csproj", "{D0FDE19B-6DFC-4BD9-A90A-A291D2404973}"
EndProject
Global
	GlobalSection(SolutionConfigurationPlatforms) = preSolution
		Debug|Any CPU = Debug|Any CPU
		Release|Any CPU = Release|Any CPU
	EndGlobalSection
	GlobalSection(ProjectConfigurationPlatforms) = postSolution
		{896DA55E-1218-4146-ADD0-81C3EAED882D}.Debug|Any CPU.ActiveCfg = Debug|Any CPU
		{896DA55E-1218-4146-ADD0-81C3EAED882D}.Debug|Any CPU.Build.0 = Debug|Any CPU
		{896DA55E-1218-4146-ADD0-81C3EAED882D}.Release|Any CPU.ActiveCfg = Release|Any CPU
		{896DA55E-1218-4146-ADD0-81C3EAED882D}.Release|Any CPU.Build.0 = Release|Any CPU
		{24827E37-D24E-4C49-858B-9127DD775958}.Debug|Any CPU.ActiveCfg = Debug|Any CPU
		{24827E37-D24E-4C49-858B-9127DD775958}.Debug|Any CPU.Build.0 = Debug|Any CPU
		{24827E37-D24E-4C49-858B-9127DD775958}.Release|Any CPU.ActiveCfg = Release|Any CPU
		{24827E37-D24E-4C49-858B-9127DD775958}.Release|Any CPU.Build.0 = Release|Any CPU
		{D0FDE19B-6DFC-4BD9-A90A-A291D2404973}.Debug|Any CPU.ActiveCfg = Debug|Any CPU
		{D0FDE19B-6DFC-4BD9-A90A-A291D2404973}.Debug|Any CPU.Build.0 = Debug|Any CPU
		{D0FDE19B-6DFC-4BD9-A90A-A291D2404973}.Release|Any CPU.ActiveCfg = Release|Any CPU
		{D0FDE19B-6DFC-4BD9-A90A-A291D2404973}.Release|Any CPU.Build.0 = Release|Any CPU
	EndGlobalSection
	GlobalSection(SolutionProperties) = preSolution
		HideSolutionNode = FALSE
	EndGlobalSection
EndGlobal
